// !$*UTF8*$!
{
	archiveVersion = 1;
	classes = {
	};
	objectVersion = 55;
	objects = {

/* Begin PBXBuildFile section */
		64ED7FF1286D004C009D3C7F /* AppDelegate.swift in Sources */ = {isa = PBXBuildFile; fileRef = 64ED7FF0286D004C009D3C7F /* AppDelegate.swift */; };
		64ED7FF3286D004C009D3C7F /* SceneDelegate.swift in Sources */ = {isa = PBXBuildFile; fileRef = 64ED7FF2286D004C009D3C7F /* SceneDelegate.swift */; };
		64ED7FF5286D004C009D3C7F /* ViewController.swift in Sources */ = {isa = PBXBuildFile; fileRef = 64ED7FF4286D004C009D3C7F /* ViewController.swift */; };
		64ED7FF8286D004C009D3C7F /* Main.storyboard in Resources */ = {isa = PBXBuildFile; fileRef = 64ED7FF6286D004C009D3C7F /* Main.storyboard */; };
		64ED7FFA286D004E009D3C7F /* Assets.xcassets in Resources */ = {isa = PBXBuildFile; fileRef = 64ED7FF9286D004E009D3C7F /* Assets.xcassets */; };
		64ED7FFD286D004E009D3C7F /* LaunchScreen.storyboard in Resources */ = {isa = PBXBuildFile; fileRef = 64ED7FFB286D004E009D3C7F /* LaunchScreen.storyboard */; };
		64ED8008286D004E009D3C7F /* CocktailsTests.swift in Sources */ = {isa = PBXBuildFile; fileRef = 64ED8007286D004E009D3C7F /* CocktailsTests.swift */; };
		64ED8012286D004E009D3C7F /* CocktailsUITests.swift in Sources */ = {isa = PBXBuildFile; fileRef = 64ED8011286D004E009D3C7F /* CocktailsUITests.swift */; };
		64ED8014286D004E009D3C7F /* CocktailsUITestsLaunchTests.swift in Sources */ = {isa = PBXBuildFile; fileRef = 64ED8013286D004E009D3C7F /* CocktailsUITestsLaunchTests.swift */; };
/* End PBXBuildFile section */

/* Begin PBXContainerItemProxy section */
		64ED8004286D004E009D3C7F /* PBXContainerItemProxy */ = {
			isa = PBXContainerItemProxy;
			containerPortal = 64ED7FE5286D004C009D3C7F /* Project object */;
			proxyType = 1;
			remoteGlobalIDString = 64ED7FEC286D004C009D3C7F;
			remoteInfo = Cocktails;
		};
		64ED800E286D004E009D3C7F /* PBXContainerItemProxy */ = {
			isa = PBXContainerItemProxy;
			containerPortal = 64ED7FE5286D004C009D3C7F /* Project object */;
			proxyType = 1;
			remoteGlobalIDString = 64ED7FEC286D004C009D3C7F;
			remoteInfo = Cocktails;
		};
/* End PBXContainerItemProxy section */

/* Begin PBXFileReference section */
		64ED7FED286D004C009D3C7F /* Cocktails.app */ = {isa = PBXFileReference; explicitFileType = wrapper.application; includeInIndex = 0; path = Cocktails.app; sourceTree = BUILT_PRODUCTS_DIR; };
		64ED7FF0286D004C009D3C7F /* AppDelegate.swift */ = {isa = PBXFileReference; lastKnownFileType = sourcecode.swift; path = AppDelegate.swift; sourceTree = "<group>"; };
		64ED7FF2286D004C009D3C7F /* SceneDelegate.swift */ = {isa = PBXFileReference; lastKnownFileType = sourcecode.swift; path = SceneDelegate.swift; sourceTree = "<group>"; };
		64ED7FF4286D004C009D3C7F /* ViewController.swift */ = {isa = PBXFileReference; lastKnownFileType = sourcecode.swift; path = ViewController.swift; sourceTree = "<group>"; };
		64ED7FF7286D004C009D3C7F /* Base */ = {isa = PBXFileReference; lastKnownFileType = file.storyboard; name = Base; path = Base.lproj/Main.storyboard; sourceTree = "<group>"; };
		64ED7FF9286D004E009D3C7F /* Assets.xcassets */ = {isa = PBXFileReference; lastKnownFileType = folder.assetcatalog; path = Assets.xcassets; sourceTree = "<group>"; };
		64ED7FFC286D004E009D3C7F /* Base */ = {isa = PBXFileReference; lastKnownFileType = file.storyboard; name = Base; path = Base.lproj/LaunchScreen.storyboard; sourceTree = "<group>"; };
		64ED7FFE286D004E009D3C7F /* Info.plist */ = {isa = PBXFileReference; lastKnownFileType = text.plist.xml; path = Info.plist; sourceTree = "<group>"; };
		64ED8003286D004E009D3C7F /* CocktailsTests.xctest */ = {isa = PBXFileReference; explicitFileType = wrapper.cfbundle; includeInIndex = 0; path = CocktailsTests.xctest; sourceTree = BUILT_PRODUCTS_DIR; };
		64ED8007286D004E009D3C7F /* CocktailsTests.swift */ = {isa = PBXFileReference; lastKnownFileType = sourcecode.swift; path = CocktailsTests.swift; sourceTree = "<group>"; };
		64ED800D286D004E009D3C7F /* CocktailsUITests.xctest */ = {isa = PBXFileReference; explicitFileType = wrapper.cfbundle; includeInIndex = 0; path = CocktailsUITests.xctest; sourceTree = BUILT_PRODUCTS_DIR; };
		64ED8011286D004E009D3C7F /* CocktailsUITests.swift */ = {isa = PBXFileReference; lastKnownFileType = sourcecode.swift; path = CocktailsUITests.swift; sourceTree = "<group>"; };
		64ED8013286D004E009D3C7F /* CocktailsUITestsLaunchTests.swift */ = {isa = PBXFileReference; lastKnownFileType = sourcecode.swift; path = CocktailsUITestsLaunchTests.swift; sourceTree = "<group>"; };
/* End PBXFileReference section */

/* Begin PBXFrameworksBuildPhase section */
		64ED7FEA286D004C009D3C7F /* Frameworks */ = {
			isa = PBXFrameworksBuildPhase;
			buildActionMask = 2147483647;
			files = (
			);
			runOnlyForDeploymentPostprocessing = 0;
		};
		64ED8000286D004E009D3C7F /* Frameworks */ = {
			isa = PBXFrameworksBuildPhase;
			buildActionMask = 2147483647;
			files = (
			);
			runOnlyForDeploymentPostprocessing = 0;
		};
		64ED800A286D004E009D3C7F /* Frameworks */ = {
			isa = PBXFrameworksBuildPhase;
			buildActionMask = 2147483647;
			files = (
			);
			runOnlyForDeploymentPostprocessing = 0;
		};
/* End PBXFrameworksBuildPhase section */

/* Begin PBXGroup section */
		64ED7FE4286D004C009D3C7F = {
			isa = PBXGroup;
			children = (
				64ED7FEF286D004C009D3C7F /* Cocktails */,
				64ED8006286D004E009D3C7F /* CocktailsTests */,
				64ED8010286D004E009D3C7F /* CocktailsUITests */,
				64ED7FEE286D004C009D3C7F /* Products */,
			);
			sourceTree = "<group>";
		};
		64ED7FEE286D004C009D3C7F /* Products */ = {
			isa = PBXGroup;
			children = (
				64ED7FED286D004C009D3C7F /* Cocktails.app */,
				64ED8003286D004E009D3C7F /* CocktailsTests.xctest */,
				64ED800D286D004E009D3C7F /* CocktailsUITests.xctest */,
			);
			name = Products;
			sourceTree = "<group>";
		};
		64ED7FEF286D004C009D3C7F /* Cocktails */ = {
			isa = PBXGroup;
			children = (
				64ED7FF0286D004C009D3C7F /* AppDelegate.swift */,
				64ED7FF2286D004C009D3C7F /* SceneDelegate.swift */,
				64ED7FF4286D004C009D3C7F /* ViewController.swift */,
				64ED7FF6286D004C009D3C7F /* Main.storyboard */,
				64ED7FF9286D004E009D3C7F /* Assets.xcassets */,
				64ED7FFB286D004E009D3C7F /* LaunchScreen.storyboard */,
				64ED7FFE286D004E009D3C7F /* Info.plist */,
			);
			path = Cocktails;
			sourceTree = "<group>";
		};
		64ED8006286D004E009D3C7F /* CocktailsTests */ = {
			isa = PBXGroup;
			children = (
				64ED8007286D004E009D3C7F /* CocktailsTests.swift */,
			);
			path = CocktailsTests;
			sourceTree = "<group>";
		};
		64ED8010286D004E009D3C7F /* CocktailsUITests */ = {
			isa = PBXGroup;
			children = (
				64ED8011286D004E009D3C7F /* CocktailsUITests.swift */,
				64ED8013286D004E009D3C7F /* CocktailsUITestsLaunchTests.swift */,
			);
			path = CocktailsUITests;
			sourceTree = "<group>";
		};
/* End PBXGroup section */

/* Begin PBXNativeTarget section */
		64ED7FEC286D004C009D3C7F /* Cocktails */ = {
			isa = PBXNativeTarget;
			buildConfigurationList = 64ED8017286D004E009D3C7F /* Build configuration list for PBXNativeTarget "Cocktails" */;
			buildPhases = (
				64ED7FE9286D004C009D3C7F /* Sources */,
				64ED7FEA286D004C009D3C7F /* Frameworks */,
				64ED7FEB286D004C009D3C7F /* Resources */,
			);
			buildRules = (
			);
			dependencies = (
			);
			name = Cocktails;
			productName = Cocktails;
			productReference = 64ED7FED286D004C009D3C7F /* Cocktails.app */;
			productType = "com.apple.product-type.application";
		};
		64ED8002286D004E009D3C7F /* CocktailsTests */ = {
			isa = PBXNativeTarget;
			buildConfigurationList = 64ED801A286D004E009D3C7F /* Build configuration list for PBXNativeTarget "CocktailsTests" */;
			buildPhases = (
				64ED7FFF286D004E009D3C7F /* Sources */,
				64ED8000286D004E009D3C7F /* Frameworks */,
				64ED8001286D004E009D3C7F /* Resources */,
			);
			buildRules = (
			);
			dependencies = (
				64ED8005286D004E009D3C7F /* PBXTargetDependency */,
			);
			name = CocktailsTests;
			productName = CocktailsTests;
			productReference = 64ED8003286D004E009D3C7F /* CocktailsTests.xctest */;
			productType = "com.apple.product-type.bundle.unit-test";
		};
		64ED800C286D004E009D3C7F /* CocktailsUITests */ = {
			isa = PBXNativeTarget;
			buildConfigurationList = 64ED801D286D004E009D3C7F /* Build configuration list for PBXNativeTarget "CocktailsUITests" */;
			buildPhases = (
				64ED8009286D004E009D3C7F /* Sources */,
				64ED800A286D004E009D3C7F /* Frameworks */,
				64ED800B286D004E009D3C7F /* Resources */,
			);
			buildRules = (
			);
			dependencies = (
				64ED800F286D004E009D3C7F /* PBXTargetDependency */,
			);
			name = CocktailsUITests;
			productName = CocktailsUITests;
			productReference = 64ED800D286D004E009D3C7F /* CocktailsUITests.xctest */;
			productType = "com.apple.product-type.bundle.ui-testing";
		};
/* End PBXNativeTarget section */

/* Begin PBXProject section */
		64ED7FE5286D004C009D3C7F /* Project object */ = {
			isa = PBXProject;
			attributes = {
				BuildIndependentTargetsInParallel = 1;
				LastSwiftUpdateCheck = 1340;
				LastUpgradeCheck = 1340;
				TargetAttributes = {
					64ED7FEC286D004C009D3C7F = {
						CreatedOnToolsVersion = 13.4;
					};
					64ED8002286D004E009D3C7F = {
						CreatedOnToolsVersion = 13.4;
						TestTargetID = 64ED7FEC286D004C009D3C7F;
					};
					64ED800C286D004E009D3C7F = {
						CreatedOnToolsVersion = 13.4;
						TestTargetID = 64ED7FEC286D004C009D3C7F;
					};
				};
			};
			buildConfigurationList = 64ED7FE8286D004C009D3C7F /* Build configuration list for PBXProject "Cocktails" */;
			compatibilityVersion = "Xcode 13.0";
			developmentRegion = en;
			hasScannedForEncodings = 0;
			knownRegions = (
				en,
				Base,
			);
			mainGroup = 64ED7FE4286D004C009D3C7F;
			productRefGroup = 64ED7FEE286D004C009D3C7F /* Products */;
			projectDirPath = "";
			projectRoot = "";
			targets = (
				64ED7FEC286D004C009D3C7F /* Cocktails */,
				64ED8002286D004E009D3C7F /* CocktailsTests */,
				64ED800C286D004E009D3C7F /* CocktailsUITests */,
			);
		};
/* End PBXProject section */

/* Begin PBXResourcesBuildPhase section */
		64ED7FEB286D004C009D3C7F /* Resources */ = {
			isa = PBXResourcesBuildPhase;
			buildActionMask = 2147483647;
			files = (
				64ED7FFD286D004E009D3C7F /* LaunchScreen.storyboard in Resources */,
				64ED7FFA286D004E009D3C7F /* Assets.xcassets in Resources */,
				64ED7FF8286D004C009D3C7F /* Main.storyboard in Resources */,
			);
			runOnlyForDeploymentPostprocessing = 0;
		};
		64ED8001286D004E009D3C7F /* Resources */ = {
			isa = PBXResourcesBuildPhase;
			buildActionMask = 2147483647;
			files = (
			);
			runOnlyForDeploymentPostprocessing = 0;
		};
		64ED800B286D004E009D3C7F /* Resources */ = {
			isa = PBXResourcesBuildPhase;
			buildActionMask = 2147483647;
			files = (
			);
			runOnlyForDeploymentPostprocessing = 0;
		};
/* End PBXResourcesBuildPhase section */

/* Begin PBXSourcesBuildPhase section */
		64ED7FE9286D004C009D3C7F /* Sources */ = {
			isa = PBXSourcesBuildPhase;
			buildActionMask = 2147483647;
			files = (
				64ED7FF5286D004C009D3C7F /* ViewController.swift in Sources */,
				64ED7FF1286D004C009D3C7F /* AppDelegate.swift in Sources */,
				64ED7FF3286D004C009D3C7F /* SceneDelegate.swift in Sources */,
			);
			runOnlyForDeploymentPostprocessing = 0;
		};
		64ED7FFF286D004E009D3C7F /* Sources */ = {
			isa = PBXSourcesBuildPhase;
			buildActionMask = 2147483647;
			files = (
				64ED8008286D004E009D3C7F /* CocktailsTests.swift in Sources */,
			);
			runOnlyForDeploymentPostprocessing = 0;
		};
		64ED8009286D004E009D3C7F /* Sources */ = {
			isa = PBXSourcesBuildPhase;
			buildActionMask = 2147483647;
			files = (
				64ED8014286D004E009D3C7F /* CocktailsUITestsLaunchTests.swift in Sources */,
				64ED8012286D004E009D3C7F /* CocktailsUITests.swift in Sources */,
			);
			runOnlyForDeploymentPostprocessing = 0;
		};
/* End PBXSourcesBuildPhase section */

/* Begin PBXTargetDependency section */
		64ED8005286D004E009D3C7F /* PBXTargetDependency */ = {
			isa = PBXTargetDependency;
			target = 64ED7FEC286D004C009D3C7F /* Cocktails */;
			targetProxy = 64ED8004286D004E009D3C7F /* PBXContainerItemProxy */;
		};
		64ED800F286D004E009D3C7F /* PBXTargetDependency */ = {
			isa = PBXTargetDependency;
			target = 64ED7FEC286D004C009D3C7F /* Cocktails */;
			targetProxy = 64ED800E286D004E009D3C7F /* PBXContainerItemProxy */;
		};
/* End PBXTargetDependency section */

/* Begin PBXVariantGroup section */
		64ED7FF6286D004C009D3C7F /* Main.storyboard */ = {
			isa = PBXVariantGroup;
			children = (
				64ED7FF7286D004C009D3C7F /* Base */,
			);
			name = Main.storyboard;
			sourceTree = "<group>";
		};
		64ED7FFB286D004E009D3C7F /* LaunchScreen.storyboard */ = {
			isa = PBXVariantGroup;
			children = (
				64ED7FFC286D004E009D3C7F /* Base */,
			);
			name = LaunchScreen.storyboard;
			sourceTree = "<group>";
		};
/* End PBXVariantGroup section */

/* Begin XCBuildConfiguration section */
		64ED8015286D004E009D3C7F /* Debug */ = {
			isa = XCBuildConfiguration;
			buildSettings = {
				ALWAYS_SEARCH_USER_PATHS = NO;
				CLANG_ANALYZER_NONNULL = YES;
				CLANG_ANALYZER_NUMBER_OBJECT_CONVERSION = YES_AGGRESSIVE;
				CLANG_CXX_LANGUAGE_STANDARD = "gnu++17";
				CLANG_ENABLE_MODULES = YES;
				CLANG_ENABLE_OBJC_ARC = YES;
				CLANG_ENABLE_OBJC_WEAK = YES;
				CLANG_WARN_BLOCK_CAPTURE_AUTORELEASING = YES;
				CLANG_WARN_BOOL_CONVERSION = YES;
				CLANG_WARN_COMMA = YES;
				CLANG_WARN_CONSTANT_CONVERSION = YES;
				CLANG_WARN_DEPRECATED_OBJC_IMPLEMENTATIONS = YES;
				CLANG_WARN_DIRECT_OBJC_ISA_USAGE = YES_ERROR;
				CLANG_WARN_DOCUMENTATION_COMMENTS = YES;
				CLANG_WARN_EMPTY_BODY = YES;
				CLANG_WARN_ENUM_CONVERSION = YES;
				CLANG_WARN_INFINITE_RECURSION = YES;
				CLANG_WARN_INT_CONVERSION = YES;
				CLANG_WARN_NON_LITERAL_NULL_CONVERSION = YES;
				CLANG_WARN_OBJC_IMPLICIT_RETAIN_SELF = YES;
				CLANG_WARN_OBJC_LITERAL_CONVERSION = YES;
				CLANG_WARN_OBJC_ROOT_CLASS = YES_ERROR;
				CLANG_WARN_QUOTED_INCLUDE_IN_FRAMEWORK_HEADER = YES;
				CLANG_WARN_RANGE_LOOP_ANALYSIS = YES;
				CLANG_WARN_STRICT_PROTOTYPES = YES;
				CLANG_WARN_SUSPICIOUS_MOVE = YES;
				CLANG_WARN_UNGUARDED_AVAILABILITY = YES_AGGRESSIVE;
				CLANG_WARN_UNREACHABLE_CODE = YES;
				CLANG_WARN__DUPLICATE_METHOD_MATCH = YES;
				COPY_PHASE_STRIP = NO;
				DEBUG_INFORMATION_FORMAT = dwarf;
				ENABLE_STRICT_OBJC_MSGSEND = YES;
				ENABLE_TESTABILITY = YES;
				GCC_C_LANGUAGE_STANDARD = gnu11;
				GCC_DYNAMIC_NO_PIC = NO;
				GCC_NO_COMMON_BLOCKS = YES;
				GCC_OPTIMIZATION_LEVEL = 0;
				GCC_PREPROCESSOR_DEFINITIONS = (
					"DEBUG=1",
					"$(inherited)",
				);
				GCC_WARN_64_TO_32_BIT_CONVERSION = YES;
				GCC_WARN_ABOUT_RETURN_TYPE = YES_ERROR;
				GCC_WARN_UNDECLARED_SELECTOR = YES;
				GCC_WARN_UNINITIALIZED_AUTOS = YES_AGGRESSIVE;
				GCC_WARN_UNUSED_FUNCTION = YES;
				GCC_WARN_UNUSED_VARIABLE = YES;
				IPHONEOS_DEPLOYMENT_TARGET = 15.5;
				MTL_ENABLE_DEBUG_INFO = INCLUDE_SOURCE;
				MTL_FAST_MATH = YES;
				ONLY_ACTIVE_ARCH = YES;
				SDKROOT = iphoneos;
				SWIFT_ACTIVE_COMPILATION_CONDITIONS = DEBUG;
				SWIFT_OPTIMIZATION_LEVEL = "-Onone";
			};
			name = Debug;
		};
		64ED8016286D004E009D3C7F /* Release */ = {
			isa = XCBuildConfiguration;
			buildSettings = {
				ALWAYS_SEARCH_USER_PATHS = NO;
				CLANG_ANALYZER_NONNULL = YES;
				CLANG_ANALYZER_NUMBER_OBJECT_CONVERSION = YES_AGGRESSIVE;
				CLANG_CXX_LANGUAGE_STANDARD = "gnu++17";
				CLANG_ENABLE_MODULES = YES;
				CLANG_ENABLE_OBJC_ARC = YES;
				CLANG_ENABLE_OBJC_WEAK = YES;
				CLANG_WARN_BLOCK_CAPTURE_AUTORELEASING = YES;
				CLANG_WARN_BOOL_CONVERSION = YES;
				CLANG_WARN_COMMA = YES;
				CLANG_WARN_CONSTANT_CONVERSION = YES;
				CLANG_WARN_DEPRECATED_OBJC_IMPLEMENTATIONS = YES;
				CLANG_WARN_DIRECT_OBJC_ISA_USAGE = YES_ERROR;
				CLANG_WARN_DOCUMENTATION_COMMENTS = YES;
				CLANG_WARN_EMPTY_BODY = YES;
				CLANG_WARN_ENUM_CONVERSION = YES;
				CLANG_WARN_INFINITE_RECURSION = YES;
				CLANG_WARN_INT_CONVERSION = YES;
				CLANG_WARN_NON_LITERAL_NULL_CONVERSION = YES;
				CLANG_WARN_OBJC_IMPLICIT_RETAIN_SELF = YES;
				CLANG_WARN_OBJC_LITERAL_CONVERSION = YES;
				CLANG_WARN_OBJC_ROOT_CLASS = YES_ERROR;
				CLANG_WARN_QUOTED_INCLUDE_IN_FRAMEWORK_HEADER = YES;
				CLANG_WARN_RANGE_LOOP_ANALYSIS = YES;
				CLANG_WARN_STRICT_PROTOTYPES = YES;
				CLANG_WARN_SUSPICIOUS_MOVE = YES;
				CLANG_WARN_UNGUARDED_AVAILABILITY = YES_AGGRESSIVE;
				CLANG_WARN_UNREACHABLE_CODE = YES;
				CLANG_WARN__DUPLICATE_METHOD_MATCH = YES;
				COPY_PHASE_STRIP = NO;
				DEBUG_INFORMATION_FORMAT = "dwarf-with-dsym";
				ENABLE_NS_ASSERTIONS = NO;
				ENABLE_STRICT_OBJC_MSGSEND = YES;
				GCC_C_LANGUAGE_STANDARD = gnu11;
				GCC_NO_COMMON_BLOCKS = YES;
				GCC_WARN_64_TO_32_BIT_CONVERSION = YES;
				GCC_WARN_ABOUT_RETURN_TYPE = YES_ERROR;
				GCC_WARN_UNDECLARED_SELECTOR = YES;
				GCC_WARN_UNINITIALIZED_AUTOS = YES_AGGRESSIVE;
				GCC_WARN_UNUSED_FUNCTION = YES;
				GCC_WARN_UNUSED_VARIABLE = YES;
				IPHONEOS_DEPLOYMENT_TARGET = 15.5;
				MTL_ENABLE_DEBUG_INFO = NO;
				MTL_FAST_MATH = YES;
				SDKROOT = iphoneos;
				SWIFT_COMPILATION_MODE = wholemodule;
				SWIFT_OPTIMIZATION_LEVEL = "-O";
				VALIDATE_PRODUCT = YES;
			};
			name = Release;
		};
		64ED8018286D004E009D3C7F /* Debug */ = {
			isa = XCBuildConfiguration;
			buildSettings = {
				ASSETCATALOG_COMPILER_APPICON_NAME = AppIcon;
				ASSETCATALOG_COMPILER_GLOBAL_ACCENT_COLOR_NAME = AccentColor;
				CODE_SIGN_STYLE = Automatic;
				CURRENT_PROJECT_VERSION = 1;
				GENERATE_INFOPLIST_FILE = YES;
				INFOPLIST_FILE = Cocktails/Info.plist;
				INFOPLIST_KEY_UIApplicationSupportsIndirectInputEvents = YES;
				INFOPLIST_KEY_UILaunchStoryboardName = LaunchScreen;
				INFOPLIST_KEY_UIMainStoryboardFile = Main;
				INFOPLIST_KEY_UISupportedInterfaceOrientations = "UIInterfaceOrientationPortrait UIInterfaceOrientationLandscapeLeft UIInterfaceOrientationLandscapeRight";
				INFOPLIST_KEY_UISupportedInterfaceOrientations_iPad = "UIInterfaceOrientationPortrait UIInterfaceOrientationPortraitUpsideDown UIInterfaceOrientationLandscapeLeft UIInterfaceOrientationLandscapeRight";
				INFOPLIST_KEY_UISupportedInterfaceOrientations_iPhone = "UIInterfaceOrientationPortrait UIInterfaceOrientationLandscapeLeft UIInterfaceOrientationLandscapeRight";
				LD_RUNPATH_SEARCH_PATHS = (
					"$(inherited)",
					"@executable_path/Frameworks",
				);
				MARKETING_VERSION = 1.0;
				PRODUCT_BUNDLE_IDENTIFIER = it.pasqualevitulli.Cocktails;
				PRODUCT_NAME = "$(TARGET_NAME)";
				SWIFT_EMIT_LOC_STRINGS = YES;
				SWIFT_VERSION = 5.0;
				TARGETED_DEVICE_FAMILY = "1,2";
			};
			name = Debug;
		};
		64ED8019286D004E009D3C7F /* Release */ = {
			isa = XCBuildConfiguration;
			buildSettings = {
				ASSETCATALOG_COMPILER_APPICON_NAME = AppIcon;
				ASSETCATALOG_COMPILER_GLOBAL_ACCENT_COLOR_NAME = AccentColor;
				CODE_SIGN_STYLE = Automatic;
				CURRENT_PROJECT_VERSION = 1;
				GENERATE_INFOPLIST_FILE = YES;
				INFOPLIST_FILE = Cocktails/Info.plist;
				INFOPLIST_KEY_UIApplicationSupportsIndirectInputEvents = YES;
				INFOPLIST_KEY_UILaunchStoryboardName = LaunchScreen;
				INFOPLIST_KEY_UIMainStoryboardFile = Main;
				INFOPLIST_KEY_UISupportedInterfaceOrientations = "UIInterfaceOrientationPortrait UIInterfaceOrientationLandscapeLeft UIInterfaceOrientationLandscapeRight";
				INFOPLIST_KEY_UISupportedInterfaceOrientations_iPad = "UIInterfaceOrientationPortrait UIInterfaceOrientationPortraitUpsideDown UIInterfaceOrientationLandscapeLeft UIInterfaceOrientationLandscapeRight";
				INFOPLIST_KEY_UISupportedInterfaceOrientations_iPhone = "UIInterfaceOrientationPortrait UIInterfaceOrientationLandscapeLeft UIInterfaceOrientationLandscapeRight";
				LD_RUNPATH_SEARCH_PATHS = (
					"$(inherited)",
					"@executable_path/Frameworks",
				);
				MARKETING_VERSION = 1.0;
				PRODUCT_BUNDLE_IDENTIFIER = it.pasqualevitulli.Cocktails;
				PRODUCT_NAME = "$(TARGET_NAME)";
				SWIFT_EMIT_LOC_STRINGS = YES;
				SWIFT_VERSION = 5.0;
				TARGETED_DEVICE_FAMILY = "1,2";
			};
			name = Release;
		};
		64ED801B286D004E009D3C7F /* Debug */ = {
			isa = XCBuildConfiguration;
			buildSettings = {
				ALWAYS_EMBED_SWIFT_STANDARD_LIBRARIES = YES;
				BUNDLE_LOADER = "$(TEST_HOST)";
				CODE_SIGN_STYLE = Automatic;
				CURRENT_PROJECT_VERSION = 1;
				GENERATE_INFOPLIST_FILE = YES;
				IPHONEOS_DEPLOYMENT_TARGET = 15.5;
				MARKETING_VERSION = 1.0;
				PRODUCT_BUNDLE_IDENTIFIER = it.pasqualevitulli.CocktailsTests;
				PRODUCT_NAME = "$(TARGET_NAME)";
				SWIFT_EMIT_LOC_STRINGS = NO;
				SWIFT_VERSION = 5.0;
				TARGETED_DEVICE_FAMILY = "1,2";
				TEST_HOST = "$(BUILT_PRODUCTS_DIR)/Cocktails.app/Cocktails";
			};
			name = Debug;
		};
		64ED801C286D004E009D3C7F /* Release */ = {
			isa = XCBuildConfiguration;
			buildSettings = {
				ALWAYS_EMBED_SWIFT_STANDARD_LIBRARIES = YES;
				BUNDLE_LOADER = "$(TEST_HOST)";
				CODE_SIGN_STYLE = Automatic;
				CURRENT_PROJECT_VERSION = 1;
				GENERATE_INFOPLIST_FILE = YES;
				IPHONEOS_DEPLOYMENT_TARGET = 15.5;
				MARKETING_VERSION = 1.0;
				PRODUCT_BUNDLE_IDENTIFIER = it.pasqualevitulli.CocktailsTests;
				PRODUCT_NAME = "$(TARGET_NAME)";
				SWIFT_EMIT_LOC_STRINGS = NO;
				SWIFT_VERSION = 5.0;
				TARGETED_DEVICE_FAMILY = "1,2";
				TEST_HOST = "$(BUILT_PRODUCTS_DIR)/Cocktails.app/Cocktails";
			};
			name = Release;
		};
		64ED801E286D004E009D3C7F /* Debug */ = {
			isa = XCBuildConfiguration;
			buildSettings = {
				ALWAYS_EMBED_SWIFT_STANDARD_LIBRARIES = YES;
				CODE_SIGN_STYLE = Automatic;
				CURRENT_PROJECT_VERSION = 1;
				GENERATE_INFOPLIST_FILE = YES;
				MARKETING_VERSION = 1.0;
				PRODUCT_BUNDLE_IDENTIFIER = it.pasqualevitulli.CocktailsUITests;
				PRODUCT_NAME = "$(TARGET_NAME)";
				SWIFT_EMIT_LOC_STRINGS = NO;
				SWIFT_VERSION = 5.0;
				TARGETED_DEVICE_FAMILY = "1,2";
				TEST_TARGET_NAME = Cocktails;
			};
			name = Debug;
		};
		64ED801F286D004E009D3C7F /* Release */ = {
			isa = XCBuildConfiguration;
			buildSettings = {
				ALWAYS_EMBED_SWIFT_STANDARD_LIBRARIES = YES;
				CODE_SIGN_STYLE = Automatic;
				CURRENT_PROJECT_VERSION = 1;
				GENERATE_INFOPLIST_FILE = YES;
				MARKETING_VERSION = 1.0;
				PRODUCT_BUNDLE_IDENTIFIER = it.pasqualevitulli.CocktailsUITests;
				PRODUCT_NAME = "$(TARGET_NAME)";
				SWIFT_EMIT_LOC_STRINGS = NO;
				SWIFT_VERSION = 5.0;
				TARGETED_DEVICE_FAMILY = "1,2";
				TEST_TARGET_NAME = Cocktails;
			};
			name = Release;
		};
/* End XCBuildConfiguration section */

/* Begin XCConfigurationList section */
		64ED7FE8286D004C009D3C7F /* Build configuration list for PBXProject "Cocktails" */ = {
			isa = XCConfigurationList;
			buildConfigurations = (
				64ED8015286D004E009D3C7F /* Debug */,
				64ED8016286D004E009D3C7F /* Release */,
			);
			defaultConfigurationIsVisible = 0;
			defaultConfigurationName = Release;
		};
		64ED8017286D004E009D3C7F /* Build configuration list for PBXNativeTarget "Cocktails" */ = {
			isa = XCConfigurationList;
			buildConfigurations = (
				64ED8018286D004E009D3C7F /* Debug */,
				64ED8019286D004E009D3C7F /* Release */,
			);
			defaultConfigurationIsVisible = 0;
			defaultConfigurationName = Release;
		};
		64ED801A286D004E009D3C7F /* Build configuration list for PBXNativeTarget "CocktailsTests" */ = {
			isa = XCConfigurationList;
			buildConfigurations = (
				64ED801B286D004E009D3C7F /* Debug */,
				64ED801C286D004E009D3C7F /* Release */,
			);
			defaultConfigurationIsVisible = 0;
			defaultConfigurationName = Release;
		};
		64ED801D286D004E009D3C7F /* Build configuration list for PBXNativeTarget "CocktailsUITests" */ = {
			isa = XCConfigurationList;
			buildConfigurations = (
				64ED801E286D004E009D3C7F /* Debug */,
				64ED801F286D004E009D3C7F /* Release */,
			);
			defaultConfigurationIsVisible = 0;
			defaultConfigurationName = Release;
		};
/* End XCConfigurationList section */
	};
	rootObject = 64ED7FE5286D004C009D3C7F /* Project object */;
}
